
Microsoft Visual Studio Solution File, Format Version 12.00
# Visual Studio 15
Project("{FAE04EC0-301F-11D3-BF4B-00C04F79EFBC}") = "PaperOnboardingSample.iOS", "PaperOnboardingSample.iOS\PaperOnboardingSample.iOS.csproj", "{49183439-9E7C-420F-9E50-C6EEB52FC220}"
EndProject
Project("{FAE04EC0-301F-11D3-BF4B-00C04F79EFBC}") = "PaperOnboarding.Xamarin.Android", "PaperOnboarding.Xamarin.Android\PaperOnboarding.Xamarin.Android.csproj", "{E90F2769-4CD4-4E79-8675-3A460886FF2F}"
EndProject
Project("{FAE04EC0-301F-11D3-BF4B-00C04F79EFBC}") = "PaperOnboardingSample.Android", "PaperOnboardingSample.Android\PaperOnboardingSample.Android.csproj", "{A2C5F996-AA5B-4BD0-B8BA-66919676215E}"
EndProject
Project("{FAE04EC0-301F-11D3-BF4B-00C04F79EFBC}") = "PaperOnboarding.Xamarin.iOS", "PaperOnboarding.Xamarin.iOS\PaperOnboarding.Xamarin.iOS.csproj", "{1EEF7A4E-CC73-46C2-99AA-54321232B630}"
EndProject
Global
	GlobalSection(SolutionConfigurationPlatforms) = preSolution
		Debug|Any CPU = Debug|Any CPU
		Release|Any CPU = Release|Any CPU
		Debug|iPhoneSimulator = Debug|iPhoneSimulator
		Release|iPhoneSimulator = Release|iPhoneSimulator
		Debug|iPhone = Debug|iPhone
		Release|iPhone = Release|iPhone
	EndGlobalSection
	GlobalSection(ProjectConfigurationPlatforms) = postSolution
		{49183439-9E7C-420F-9E50-C6EEB52FC220}.Debug|Any CPU.ActiveCfg = Debug|iPhoneSimulator
		{49183439-9E7C-420F-9E50-C6EEB52FC220}.Debug|Any CPU.Build.0 = Debug|iPhoneSimulator
		{49183439-9E7C-420F-9E50-C6EEB52FC220}.Release|Any CPU.ActiveCfg = Release|iPhoneSimulator
		{49183439-9E7C-420F-9E50-C6EEB52FC220}.Release|Any CPU.Build.0 = Release|iPhoneSimulator
		{49183439-9E7C-420F-9E50-C6EEB52FC220}.Debug|iPhoneSimulator.ActiveCfg = Debug|iPhoneSimulator
		{49183439-9E7C-420F-9E50-C6EEB52FC220}.Debug|iPhoneSimulator.Build.0 = Debug|iPhoneSimulator
		{49183439-9E7C-420F-9E50-C6EEB52FC220}.Release|iPhoneSimulator.ActiveCfg = Release|iPhoneSimulator
		{49183439-9E7C-420F-9E50-C6EEB52FC220}.Release|iPhoneSimulator.Build.0 = Release|iPhoneSimulator
		{49183439-9E7C-420F-9E50-C6EEB52FC220}.Debug|iPhone.ActiveCfg = Debug|iPhone
		{49183439-9E7C-420F-9E50-C6EEB52FC220}.Debug|iPhone.Build.0 = Debug|iPhone
		{49183439-9E7C-420F-9E50-C6EEB52FC220}.Release|iPhone.ActiveCfg = Release|iPhone
		{49183439-9E7C-420F-9E50-C6EEB52FC220}.Release|iPhone.Build.0 = Release|iPhone
		{E90F2769-4CD4-4E79-8675-3A460886FF2F}.Debug|Any CPU.ActiveCfg = Debug|Any CPU
		{E90F2769-4CD4-4E79-8675-3A460886FF2F}.Debug|Any CPU.Build.0 = Debug|Any CPU
		{E90F2769-4CD4-4E79-8675-3A460886FF2F}.Release|Any CPU.ActiveCfg = Release|Any CPU
		{E90F2769-4CD4-4E79-8675-3A460886FF2F}.Release|Any CPU.Build.0 = Release|Any CPU
		{E90F2769-4CD4-4E79-8675-3A460886FF2F}.Debug|iPhoneSimulator.ActiveCfg = Debug|Any CPU
		{E90F2769-4CD4-4E79-8675-3A460886FF2F}.Debug|iPhoneSimulator.Build.0 = Debug|Any CPU
		{E90F2769-4CD4-4E79-8675-3A460886FF2F}.Release|iPhoneSimulator.ActiveCfg = Release|Any CPU
		{E90F2769-4CD4-4E79-8675-3A460886FF2F}.Release|iPhoneSimulator.Build.0 = Release|Any CPU
		{E90F2769-4CD4-4E79-8675-3A460886FF2F}.Debug|iPhone.ActiveCfg = Debug|Any CPU
		{E90F2769-4CD4-4E79-8675-3A460886FF2F}.Debug|iPhone.Build.0 = Debug|Any CPU
		{E90F2769-4CD4-4E79-8675-3A460886FF2F}.Release|iPhone.ActiveCfg = Release|Any CPU
		{E90F2769-4CD4-4E79-8675-3A460886FF2F}.Release|iPhone.Build.0 = Release|Any CPU
		{A2C5F996-AA5B-4BD0-B8BA-66919676215E}.Debug|Any CPU.ActiveCfg = Debug|Any CPU
		{A2C5F996-AA5B-4BD0-B8BA-66919676215E}.Debug|Any CPU.Build.0 = Debug|Any CPU
		{A2C5F996-AA5B-4BD0-B8BA-66919676215E}.Release|Any CPU.ActiveCfg = Release|Any CPU
		{A2C5F996-AA5B-4BD0-B8BA-66919676215E}.Release|Any CPU.Build.0 = Release|Any CPU
		{A2C5F996-AA5B-4BD0-B8BA-66919676215E}.Debug|iPhoneSimulator.ActiveCfg = Debug|Any CPU
		{A2C5F996-AA5B-4BD0-B8BA-66919676215E}.Debug|iPhoneSimulator.Build.0 = Debug|Any CPU
		{A2C5F996-AA5B-4BD0-B8BA-66919676215E}.Release|iPhoneSimulator.ActiveCfg = Release|Any CPU
		{A2C5F996-AA5B-4BD0-B8BA-66919676215E}.Release|iPhoneSimulator.Build.0 = Release|Any CPU
		{A2C5F996-AA5B-4BD0-B8BA-66919676215E}.Debug|iPhone.ActiveCfg = Debug|Any CPU
		{A2C5F996-AA5B-4BD0-B8BA-66919676215E}.Debug|iPhone.Build.0 = Debug|Any CPU
		{A2C5F996-AA5B-4BD0-B8BA-66919676215E}.Release|iPhone.ActiveCfg = Release|Any CPU
		{A2C5F996-AA5B-4BD0-B8BA-66919676215E}.Release|iPhone.Build.0 = Release|Any CPU
		{1EEF7A4E-CC73-46C2-99AA-54321232B630}.Debug|Any CPU.ActiveCfg = Debug|Any CPU
		{1EEF7A4E-CC73-46C2-99AA-54321232B630}.Debug|Any CPU.Build.0 = Debug|Any CPU
		{1EEF7A4E-CC73-46C2-99AA-54321232B630}.Release|Any CPU.ActiveCfg = Release|Any CPU
		{1EEF7A4E-CC73-46C2-99AA-54321232B630}.Release|Any CPU.Build.0 = Release|Any CPU
		{1EEF7A4E-CC73-46C2-99AA-54321232B630}.Debug|iPhoneSimulator.ActiveCfg = Debug|Any CPU
		{1EEF7A4E-CC73-46C2-99AA-54321232B630}.Debug|iPhoneSimulator.Build.0 = Debug|Any CPU
		{1EEF7A4E-CC73-46C2-99AA-54321232B630}.Release|iPhoneSimulator.ActiveCfg = Release|Any CPU
		{1EEF7A4E-CC73-46C2-99AA-54321232B630}.Release|iPhoneSimulator.Build.0 = Release|Any CPU
		{1EEF7A4E-CC73-46C2-99AA-54321232B630}.Debug|iPhone.ActiveCfg = Debug|Any CPU
		{1EEF7A4E-CC73-46C2-99AA-54321232B630}.Debug|iPhone.Build.0 = Debug|Any CPU
		{1EEF7A4E-CC73-46C2-99AA-54321232B630}.Release|iPhone.ActiveCfg = Release|Any CPU
		{1EEF7A4E-CC73-46C2-99AA-54321232B630}.Release|iPhone.Build.0 = Release|Any CPU
	EndGlobalSection
EndGlobal
